
Microsoft Visual Studio Solution File, Format Version 12.00
# Visual Studio Version 16
VisualStudioVersion = 16.0.29709.97
MinimumVisualStudioVersion = 10.0.40219.1
Project("{FAE04EC0-301F-11D3-BF4B-00C04F79EFBC}") = "db_chart_update", "db_chart_update\db_chart_update.csproj", "{F24C18A7-A7D0-4341-95CA-EDF702DCB91B}"
EndProject
Global
	GlobalSection(SolutionConfigurationPlatforms) = preSolution
		Debug|Any CPU = Debug|Any CPU
		Release|Any CPU = Release|Any CPU
	EndGlobalSection
	GlobalSection(ProjectConfigurationPlatforms) = postSolution
		{F24C18A7-A7D0-4341-95CA-EDF702DCB91B}.Debug|Any CPU.ActiveCfg = Debug|Any CPU
		{F24C18A7-A7D0-4341-95CA-EDF702DCB91B}.Debug|Any CPU.Build.0 = Debug|Any CPU
		{F24C18A7-A7D0-4341-95CA-EDF702DCB91B}.Release|Any CPU.ActiveCfg = Release|Any CPU
		{F24C18A7-A7D0-4341-95CA-EDF702DCB91B}.Release|Any CPU.Build.0 = Release|Any CPU
	EndGlobalSection
	GlobalSection(SolutionProperties) = preSolution
		HideSolutionNode = FALSE
	EndGlobalSection
	GlobalSection(ExtensibilityGlobals) = postSolution
		SolutionGuid = {076D38DD-3904-4447-AA9F-010CED2CE84D}
	EndGlobalSection
EndGlobal
